// !$*UTF8*$!
{
	archiveVersion = 1;
	classes = {
	};
	objectVersion = 56;
	objects = {

/* Begin PBXBuildFile section */
		EEE6E8312A6D33740062A5F3 /* Health_TrackerApp.swift in Sources */ = {isa = PBXBuildFile; fileRef = EEE6E8302A6D33740062A5F3 /* Health_TrackerApp.swift */; };
		EEE6E8332A6D33740062A5F3 /* ContentView.swift in Sources */ = {isa = PBXBuildFile; fileRef = EEE6E8322A6D33740062A5F3 /* ContentView.swift */; };
		EEE6E8352A6D33740062A5F3 /* Assets.xcassets in Resources */ = {isa = PBXBuildFile; fileRef = EEE6E8342A6D33740062A5F3 /* Assets.xcassets */; };
		EEE6E8382A6D33740062A5F3 /* Preview Assets.xcassets in Resources */ = {isa = PBXBuildFile; fileRef = EEE6E8372A6D33740062A5F3 /* Preview Assets.xcassets */; };
		EEE6E83A2A6D33740062A5F3 /* Persistence.swift in Sources */ = {isa = PBXBuildFile; fileRef = EEE6E8392A6D33740062A5F3 /* Persistence.swift */; };
		EEE6E83D2A6D33740062A5F3 /* Health_Tracker.xcdatamodeld in Sources */ = {isa = PBXBuildFile; fileRef = EEE6E83B2A6D33740062A5F3 /* Health_Tracker.xcdatamodeld */; };
		EEE6E8472A6D33740062A5F3 /* Health_TrackerTests.swift in Sources */ = {isa = PBXBuildFile; fileRef = EEE6E8462A6D33740062A5F3 /* Health_TrackerTests.swift */; };
		EEE6E8512A6D33740062A5F3 /* Health_TrackerUITests.swift in Sources */ = {isa = PBXBuildFile; fileRef = EEE6E8502A6D33740062A5F3 /* Health_TrackerUITests.swift */; };
		EEE6E8532A6D33740062A5F3 /* Health_TrackerUITestsLaunchTests.swift in Sources */ = {isa = PBXBuildFile; fileRef = EEE6E8522A6D33740062A5F3 /* Health_TrackerUITestsLaunchTests.swift */; };
/* End PBXBuildFile section */

/* Begin PBXContainerItemProxy section */
		EEE6E8432A6D33740062A5F3 /* PBXContainerItemProxy */ = {
			isa = PBXContainerItemProxy;
			containerPortal = EEE6E8252A6D33740062A5F3 /* Project object */;
			proxyType = 1;
			remoteGlobalIDString = EEE6E82C2A6D33740062A5F3;
			remoteInfo = "Health Tracker";
		};
		EEE6E84D2A6D33740062A5F3 /* PBXContainerItemProxy */ = {
			isa = PBXContainerItemProxy;
			containerPortal = EEE6E8252A6D33740062A5F3 /* Project object */;
			proxyType = 1;
			remoteGlobalIDString = EEE6E82C2A6D33740062A5F3;
			remoteInfo = "Health Tracker";
		};
/* End PBXContainerItemProxy section */

/* Begin PBXFileReference section */
		EEE6E82D2A6D33740062A5F3 /* Health Tracker.app */ = {isa = PBXFileReference; explicitFileType = wrapper.application; includeInIndex = 0; path = "Health Tracker.app"; sourceTree = BUILT_PRODUCTS_DIR; };
		EEE6E8302A6D33740062A5F3 /* Health_TrackerApp.swift */ = {isa = PBXFileReference; lastKnownFileType = sourcecode.swift; path = Health_TrackerApp.swift; sourceTree = "<group>"; };
		EEE6E8322A6D33740062A5F3 /* ContentView.swift */ = {isa = PBXFileReference; lastKnownFileType = sourcecode.swift; path = ContentView.swift; sourceTree = "<group>"; };
		EEE6E8342A6D33740062A5F3 /* Assets.xcassets */ = {isa = PBXFileReference; lastKnownFileType = folder.assetcatalog; path = Assets.xcassets; sourceTree = "<group>"; };
		EEE6E8372A6D33740062A5F3 /* Preview Assets.xcassets */ = {isa = PBXFileReference; lastKnownFileType = folder.assetcatalog; path = "Preview Assets.xcassets"; sourceTree = "<group>"; };
		EEE6E8392A6D33740062A5F3 /* Persistence.swift */ = {isa = PBXFileReference; lastKnownFileType = sourcecode.swift; path = Persistence.swift; sourceTree = "<group>"; };
		EEE6E83C2A6D33740062A5F3 /* Health_Tracker.xcdatamodel */ = {isa = PBXFileReference; lastKnownFileType = wrapper.xcdatamodel; path = Health_Tracker.xcdatamodel; sourceTree = "<group>"; };
		EEE6E8422A6D33740062A5F3 /* Health TrackerTests.xctest */ = {isa = PBXFileReference; explicitFileType = wrapper.cfbundle; includeInIndex = 0; path = "Health TrackerTests.xctest"; sourceTree = BUILT_PRODUCTS_DIR; };
		EEE6E8462A6D33740062A5F3 /* Health_TrackerTests.swift */ = {isa = PBXFileReference; lastKnownFileType = sourcecode.swift; path = Health_TrackerTests.swift; sourceTree = "<group>"; };
		EEE6E84C2A6D33740062A5F3 /* Health TrackerUITests.xctest */ = {isa = PBXFileReference; explicitFileType = wrapper.cfbundle; includeInIndex = 0; path = "Health TrackerUITests.xctest"; sourceTree = BUILT_PRODUCTS_DIR; };
		EEE6E8502A6D33740062A5F3 /* Health_TrackerUITests.swift */ = {isa = PBXFileReference; lastKnownFileType = sourcecode.swift; path = Health_TrackerUITests.swift; sourceTree = "<group>"; };
		EEE6E8522A6D33740062A5F3 /* Health_TrackerUITestsLaunchTests.swift */ = {isa = PBXFileReference; lastKnownFileType = sourcecode.swift; path = Health_TrackerUITestsLaunchTests.swift; sourceTree = "<group>"; };
/* End PBXFileReference section */

/* Begin PBXFrameworksBuildPhase section */
		EEE6E82A2A6D33740062A5F3 /* Frameworks */ = {
			isa = PBXFrameworksBuildPhase;
			buildActionMask = 2147483647;
			files = (
			);
			runOnlyForDeploymentPostprocessing = 0;
		};
		EEE6E83F2A6D33740062A5F3 /* Frameworks */ = {
			isa = PBXFrameworksBuildPhase;
			buildActionMask = 2147483647;
			files = (
			);
			runOnlyForDeploymentPostprocessing = 0;
		};
		EEE6E8492A6D33740062A5F3 /* Frameworks */ = {
			isa = PBXFrameworksBuildPhase;
			buildActionMask = 2147483647;
			files = (
			);
			runOnlyForDeploymentPostprocessing = 0;
		};
/* End PBXFrameworksBuildPhase section */

/* Begin PBXGroup section */
		EEE6E8242A6D33740062A5F3 = {
			isa = PBXGroup;
			children = (
				EEE6E82F2A6D33740062A5F3 /* Health Tracker */,
				EEE6E8452A6D33740062A5F3 /* Health TrackerTests */,
				EEE6E84F2A6D33740062A5F3 /* Health TrackerUITests */,
				EEE6E82E2A6D33740062A5F3 /* Products */,
			);
			sourceTree = "<group>";
		};
		EEE6E82E2A6D33740062A5F3 /* Products */ = {
			isa = PBXGroup;
			children = (
				EEE6E82D2A6D33740062A5F3 /* Health Tracker.app */,
				EEE6E8422A6D33740062A5F3 /* Health TrackerTests.xctest */,
				EEE6E84C2A6D33740062A5F3 /* Health TrackerUITests.xctest */,
			);
			name = Products;
			sourceTree = "<group>";
		};
		EEE6E82F2A6D33740062A5F3 /* Health Tracker */ = {
			isa = PBXGroup;
			children = (
				EEE6E8302A6D33740062A5F3 /* Health_TrackerApp.swift */,
				EEE6E8322A6D33740062A5F3 /* ContentView.swift */,
				EEE6E8342A6D33740062A5F3 /* Assets.xcassets */,
				EEE6E8392A6D33740062A5F3 /* Persistence.swift */,
				EEE6E83B2A6D33740062A5F3 /* Health_Tracker.xcdatamodeld */,
				EEE6E8362A6D33740062A5F3 /* Preview Content */,
			);
			path = "Health Tracker";
			sourceTree = "<group>";
		};
		EEE6E8362A6D33740062A5F3 /* Preview Content */ = {
			isa = PBXGroup;
			children = (
				EEE6E8372A6D33740062A5F3 /* Preview Assets.xcassets */,
			);
			path = "Preview Content";
			sourceTree = "<group>";
		};
		EEE6E8452A6D33740062A5F3 /* Health TrackerTests */ = {
			isa = PBXGroup;
			children = (
				EEE6E8462A6D33740062A5F3 /* Health_TrackerTests.swift */,
			);
			path = "Health TrackerTests";
			sourceTree = "<group>";
		};
		EEE6E84F2A6D33740062A5F3 /* Health TrackerUITests */ = {
			isa = PBXGroup;
			children = (
				EEE6E8502A6D33740062A5F3 /* Health_TrackerUITests.swift */,
				EEE6E8522A6D33740062A5F3 /* Health_TrackerUITestsLaunchTests.swift */,
			);
			path = "Health TrackerUITests";
			sourceTree = "<group>";
		};
/* End PBXGroup section */

/* Begin PBXNativeTarget section */
		EEE6E82C2A6D33740062A5F3 /* Health Tracker */ = {
			isa = PBXNativeTarget;
			buildConfigurationList = EEE6E8562A6D33740062A5F3 /* Build configuration list for PBXNativeTarget "Health Tracker" */;
			buildPhases = (
				EEE6E8292A6D33740062A5F3 /* Sources */,
				EEE6E82A2A6D33740062A5F3 /* Frameworks */,
				EEE6E82B2A6D33740062A5F3 /* Resources */,
			);
			buildRules = (
			);
			dependencies = (
			);
			name = "Health Tracker";
			productName = "Health Tracker";
			productReference = EEE6E82D2A6D33740062A5F3 /* Health Tracker.app */;
			productType = "com.apple.product-type.application";
		};
		EEE6E8412A6D33740062A5F3 /* Health TrackerTests */ = {
			isa = PBXNativeTarget;
			buildConfigurationList = EEE6E8592A6D33740062A5F3 /* Build configuration list for PBXNativeTarget "Health TrackerTests" */;
			buildPhases = (
				EEE6E83E2A6D33740062A5F3 /* Sources */,
				EEE6E83F2A6D33740062A5F3 /* Frameworks */,
				EEE6E8402A6D33740062A5F3 /* Resources */,
			);
			buildRules = (
			);
			dependencies = (
				EEE6E8442A6D33740062A5F3 /* PBXTargetDependency */,
			);
			name = "Health TrackerTests";
			productName = "Health TrackerTests";
			productReference = EEE6E8422A6D33740062A5F3 /* Health TrackerTests.xctest */;
			productType = "com.apple.product-type.bundle.unit-test";
		};
		EEE6E84B2A6D33740062A5F3 /* Health TrackerUITests */ = {
			isa = PBXNativeTarget;
			buildConfigurationList = EEE6E85C2A6D33740062A5F3 /* Build configuration list for PBXNativeTarget "Health TrackerUITests" */;
			buildPhases = (
				EEE6E8482A6D33740062A5F3 /* Sources */,
				EEE6E8492A6D33740062A5F3 /* Frameworks */,
				EEE6E84A2A6D33740062A5F3 /* Resources */,
			);
			buildRules = (
			);
			dependencies = (
				EEE6E84E2A6D33740062A5F3 /* PBXTargetDependency */,
			);
			name = "Health TrackerUITests";
			productName = "Health TrackerUITests";
			productReference = EEE6E84C2A6D33740062A5F3 /* Health TrackerUITests.xctest */;
			productType = "com.apple.product-type.bundle.ui-testing";
		};
/* End PBXNativeTarget section */

/* Begin PBXProject section */
		EEE6E8252A6D33740062A5F3 /* Project object */ = {
			isa = PBXProject;
			attributes = {
				BuildIndependentTargetsInParallel = 1;
				LastSwiftUpdateCheck = 1430;
				LastUpgradeCheck = 1430;
				TargetAttributes = {
					EEE6E82C2A6D33740062A5F3 = {
						CreatedOnToolsVersion = 14.3.1;
					};
					EEE6E8412A6D33740062A5F3 = {
						CreatedOnToolsVersion = 14.3.1;
						TestTargetID = EEE6E82C2A6D33740062A5F3;
					};
					EEE6E84B2A6D33740062A5F3 = {
						CreatedOnToolsVersion = 14.3.1;
						TestTargetID = EEE6E82C2A6D33740062A5F3;
					};
				};
			};
			buildConfigurationList = EEE6E8282A6D33740062A5F3 /* Build configuration list for PBXProject "Health Tracker" */;
			compatibilityVersion = "Xcode 14.0";
			developmentRegion = en;
			hasScannedForEncodings = 0;
			knownRegions = (
				en,
				Base,
			);
			mainGroup = EEE6E8242A6D33740062A5F3;
			productRefGroup = EEE6E82E2A6D33740062A5F3 /* Products */;
			projectDirPath = "";
			projectRoot = "";
			targets = (
				EEE6E82C2A6D33740062A5F3 /* Health Tracker */,
				EEE6E8412A6D33740062A5F3 /* Health TrackerTests */,
				EEE6E84B2A6D33740062A5F3 /* Health TrackerUITests */,
			);
		};
/* End PBXProject section */

/* Begin PBXResourcesBuildPhase section */
		EEE6E82B2A6D33740062A5F3 /* Resources */ = {
			isa = PBXResourcesBuildPhase;
			buildActionMask = 2147483647;
			files = (
				EEE6E8382A6D33740062A5F3 /* Preview Assets.xcassets in Resources */,
				EEE6E8352A6D33740062A5F3 /* Assets.xcassets in Resources */,
			);
			runOnlyForDeploymentPostprocessing = 0;
		};
		EEE6E8402A6D33740062A5F3 /* Resources */ = {
			isa = PBXResourcesBuildPhase;
			buildActionMask = 2147483647;
			files = (
			);
			runOnlyForDeploymentPostprocessing = 0;
		};
		EEE6E84A2A6D33740062A5F3 /* Resources */ = {
			isa = PBXResourcesBuildPhase;
			buildActionMask = 2147483647;
			files = (
			);
			runOnlyForDeploymentPostprocessing = 0;
		};
/* End PBXResourcesBuildPhase section */

/* Begin PBXSourcesBuildPhase section */
		EEE6E8292A6D33740062A5F3 /* Sources */ = {
			isa = PBXSourcesBuildPhase;
			buildActionMask = 2147483647;
			files = (
				EEE6E83D2A6D33740062A5F3 /* Health_Tracker.xcdatamodeld in Sources */,
				EEE6E83A2A6D33740062A5F3 /* Persistence.swift in Sources */,
				EEE6E8332A6D33740062A5F3 /* ContentView.swift in Sources */,
				EEE6E8312A6D33740062A5F3 /* Health_TrackerApp.swift in Sources */,
			);
			runOnlyForDeploymentPostprocessing = 0;
		};
		EEE6E83E2A6D33740062A5F3 /* Sources */ = {
			isa = PBXSourcesBuildPhase;
			buildActionMask = 2147483647;
			files = (
				EEE6E8472A6D33740062A5F3 /* Health_TrackerTests.swift in Sources */,
			);
			runOnlyForDeploymentPostprocessing = 0;
		};
		EEE6E8482A6D33740062A5F3 /* Sources */ = {
			isa = PBXSourcesBuildPhase;
			buildActionMask = 2147483647;
			files = (
				EEE6E8512A6D33740062A5F3 /* Health_TrackerUITests.swift in Sources */,
				EEE6E8532A6D33740062A5F3 /* Health_TrackerUITestsLaunchTests.swift in Sources */,
			);
			runOnlyForDeploymentPostprocessing = 0;
		};
/* End PBXSourcesBuildPhase section */

/* Begin PBXTargetDependency section */
		EEE6E8442A6D33740062A5F3 /* PBXTargetDependency */ = {
			isa = PBXTargetDependency;
			target = EEE6E82C2A6D33740062A5F3 /* Health Tracker */;
			targetProxy = EEE6E8432A6D33740062A5F3 /* PBXContainerItemProxy */;
		};
		EEE6E84E2A6D33740062A5F3 /* PBXTargetDependency */ = {
			isa = PBXTargetDependency;
			target = EEE6E82C2A6D33740062A5F3 /* Health Tracker */;
			targetProxy = EEE6E84D2A6D33740062A5F3 /* PBXContainerItemProxy */;
		};
/* End PBXTargetDependency section */

/* Begin XCBuildConfiguration section */
		EEE6E8542A6D33740062A5F3 /* Debug */ = {
			isa = XCBuildConfiguration;
			buildSettings = {
				ALWAYS_SEARCH_USER_PATHS = NO;
				CLANG_ANALYZER_NONNULL = YES;
				CLANG_ANALYZER_NUMBER_OBJECT_CONVERSION = YES_AGGRESSIVE;
				CLANG_CXX_LANGUAGE_STANDARD = "gnu++20";
				CLANG_ENABLE_MODULES = YES;
				CLANG_ENABLE_OBJC_ARC = YES;
				CLANG_ENABLE_OBJC_WEAK = YES;
				CLANG_WARN_BLOCK_CAPTURE_AUTORELEASING = YES;
				CLANG_WARN_BOOL_CONVERSION = YES;
				CLANG_WARN_COMMA = YES;
				CLANG_WARN_CONSTANT_CONVERSION = YES;
				CLANG_WARN_DEPRECATED_OBJC_IMPLEMENTATIONS = YES;
				CLANG_WARN_DIRECT_OBJC_ISA_USAGE = YES_ERROR;
				CLANG_WARN_DOCUMENTATION_COMMENTS = YES;
				CLANG_WARN_EMPTY_BODY = YES;
				CLANG_WARN_ENUM_CONVERSION = YES;
				CLANG_WARN_INFINITE_RECURSION = YES;
				CLANG_WARN_INT_CONVERSION = YES;
				CLANG_WARN_NON_LITERAL_NULL_CONVERSION = YES;
				CLANG_WARN_OBJC_IMPLICIT_RETAIN_SELF = YES;
				CLANG_WARN_OBJC_LITERAL_CONVERSION = YES;
				CLANG_WARN_OBJC_ROOT_CLASS = YES_ERROR;
				CLANG_WARN_QUOTED_INCLUDE_IN_FRAMEWORK_HEADER = YES;
				CLANG_WARN_RANGE_LOOP_ANALYSIS = YES;
				CLANG_WARN_STRICT_PROTOTYPES = YES;
				CLANG_WARN_SUSPICIOUS_MOVE = YES;
				CLANG_WARN_UNGUARDED_AVAILABILITY = YES_AGGRESSIVE;
				CLANG_WARN_UNREACHABLE_CODE = YES;
				CLANG_WARN__DUPLICATE_METHOD_MATCH = YES;
				COPY_PHASE_STRIP = NO;
				DEBUG_INFORMATION_FORMAT = dwarf;
				ENABLE_STRICT_OBJC_MSGSEND = YES;
				ENABLE_TESTABILITY = YES;
				GCC_C_LANGUAGE_STANDARD = gnu11;
				GCC_DYNAMIC_NO_PIC = NO;
				GCC_NO_COMMON_BLOCKS = YES;
				GCC_OPTIMIZATION_LEVEL = 0;
				GCC_PREPROCESSOR_DEFINITIONS = (
					"DEBUG=1",
					"$(inherited)",
				);
				GCC_WARN_64_TO_32_BIT_CONVERSION = YES;
				GCC_WARN_ABOUT_RETURN_TYPE = YES_ERROR;
				GCC_WARN_UNDECLARED_SELECTOR = YES;
				GCC_WARN_UNINITIALIZED_AUTOS = YES_AGGRESSIVE;
				GCC_WARN_UNUSED_FUNCTION = YES;
				GCC_WARN_UNUSED_VARIABLE = YES;
				IPHONEOS_DEPLOYMENT_TARGET = 16.4;
				MTL_ENABLE_DEBUG_INFO = INCLUDE_SOURCE;
				MTL_FAST_MATH = YES;
				ONLY_ACTIVE_ARCH = YES;
				SDKROOT = iphoneos;
				SWIFT_ACTIVE_COMPILATION_CONDITIONS = DEBUG;
				SWIFT_OPTIMIZATION_LEVEL = "-Onone";
			};
			name = Debug;
		};
		EEE6E8552A6D33740062A5F3 /* Release */ = {
			isa = XCBuildConfiguration;
			buildSettings = {
				ALWAYS_SEARCH_USER_PATHS = NO;
				CLANG_ANALYZER_NONNULL = YES;
				CLANG_ANALYZER_NUMBER_OBJECT_CONVERSION = YES_AGGRESSIVE;
				CLANG_CXX_LANGUAGE_STANDARD = "gnu++20";
				CLANG_ENABLE_MODULES = YES;
				CLANG_ENABLE_OBJC_ARC = YES;
				CLANG_ENABLE_OBJC_WEAK = YES;
				CLANG_WARN_BLOCK_CAPTURE_AUTORELEASING = YES;
				CLANG_WARN_BOOL_CONVERSION = YES;
				CLANG_WARN_COMMA = YES;
				CLANG_WARN_CONSTANT_CONVERSION = YES;
				CLANG_WARN_DEPRECATED_OBJC_IMPLEMENTATIONS = YES;
				CLANG_WARN_DIRECT_OBJC_ISA_USAGE = YES_ERROR;
				CLANG_WARN_DOCUMENTATION_COMMENTS = YES;
				CLANG_WARN_EMPTY_BODY = YES;
				CLANG_WARN_ENUM_CONVERSION = YES;
				CLANG_WARN_INFINITE_RECURSION = YES;
				CLANG_WARN_INT_CONVERSION = YES;
				CLANG_WARN_NON_LITERAL_NULL_CONVERSION = YES;
				CLANG_WARN_OBJC_IMPLICIT_RETAIN_SELF = YES;
				CLANG_WARN_OBJC_LITERAL_CONVERSION = YES;
				CLANG_WARN_OBJC_ROOT_CLASS = YES_ERROR;
				CLANG_WARN_QUOTED_INCLUDE_IN_FRAMEWORK_HEADER = YES;
				CLANG_WARN_RANGE_LOOP_ANALYSIS = YES;
				CLANG_WARN_STRICT_PROTOTYPES = YES;
				CLANG_WARN_SUSPICIOUS_MOVE = YES;
				CLANG_WARN_UNGUARDED_AVAILABILITY = YES_AGGRESSIVE;
				CLANG_WARN_UNREACHABLE_CODE = YES;
				CLANG_WARN__DUPLICATE_METHOD_MATCH = YES;
				COPY_PHASE_STRIP = NO;
				DEBUG_INFORMATION_FORMAT = "dwarf-with-dsym";
				ENABLE_NS_ASSERTIONS = NO;
				ENABLE_STRICT_OBJC_MSGSEND = YES;
				GCC_C_LANGUAGE_STANDARD = gnu11;
				GCC_NO_COMMON_BLOCKS = YES;
				GCC_WARN_64_TO_32_BIT_CONVERSION = YES;
				GCC_WARN_ABOUT_RETURN_TYPE = YES_ERROR;
				GCC_WARN_UNDECLARED_SELECTOR = YES;
				GCC_WARN_UNINITIALIZED_AUTOS = YES_AGGRESSIVE;
				GCC_WARN_UNUSED_FUNCTION = YES;
				GCC_WARN_UNUSED_VARIABLE = YES;
				IPHONEOS_DEPLOYMENT_TARGET = 16.4;
				MTL_ENABLE_DEBUG_INFO = NO;
				MTL_FAST_MATH = YES;
				SDKROOT = iphoneos;
				SWIFT_COMPILATION_MODE = wholemodule;
				SWIFT_OPTIMIZATION_LEVEL = "-O";
				VALIDATE_PRODUCT = YES;
			};
			name = Release;
		};
		EEE6E8572A6D33740062A5F3 /* Debug */ = {
			isa = XCBuildConfiguration;
			buildSettings = {
				ASSETCATALOG_COMPILER_APPICON_NAME = AppIcon;
				ASSETCATALOG_COMPILER_GLOBAL_ACCENT_COLOR_NAME = AccentColor;
				CODE_SIGN_STYLE = Automatic;
				CURRENT_PROJECT_VERSION = 1;
				DEVELOPMENT_ASSET_PATHS = "\"Health Tracker/Preview Content\"";
				DEVELOPMENT_TEAM = 4U8DMJ33ZN;
				ENABLE_PREVIEWS = YES;
				GENERATE_INFOPLIST_FILE = YES;
				INFOPLIST_KEY_UIApplicationSceneManifest_Generation = YES;
				INFOPLIST_KEY_UIApplicationSupportsIndirectInputEvents = YES;
				INFOPLIST_KEY_UILaunchScreen_Generation = YES;
				INFOPLIST_KEY_UISupportedInterfaceOrientations_iPad = "UIInterfaceOrientationPortrait UIInterfaceOrientationPortraitUpsideDown UIInterfaceOrientationLandscapeLeft UIInterfaceOrientationLandscapeRight";
				INFOPLIST_KEY_UISupportedInterfaceOrientations_iPhone = "UIInterfaceOrientationPortrait UIInterfaceOrientationLandscapeLeft UIInterfaceOrientationLandscapeRight";
				LD_RUNPATH_SEARCH_PATHS = (
					"$(inherited)",
					"@executable_path/Frameworks",
				);
				MARKETING_VERSION = 1.0;
				PRODUCT_BUNDLE_IDENTIFIER = "com.Health-Tracker";
				PRODUCT_NAME = "$(TARGET_NAME)";
				SWIFT_EMIT_LOC_STRINGS = YES;
				SWIFT_VERSION = 5.0;
				TARGETED_DEVICE_FAMILY = "1,2";
			};
			name = Debug;
		};
		EEE6E8582A6D33740062A5F3 /* Release */ = {
			isa = XCBuildConfiguration;
			buildSettings = {
				ASSETCATALOG_COMPILER_APPICON_NAME = AppIcon;
				ASSETCATALOG_COMPILER_GLOBAL_ACCENT_COLOR_NAME = AccentColor;
				CODE_SIGN_STYLE = Automatic;
				CURRENT_PROJECT_VERSION = 1;
				DEVELOPMENT_ASSET_PATHS = "\"Health Tracker/Preview Content\"";
				DEVELOPMENT_TEAM = 4U8DMJ33ZN;
				ENABLE_PREVIEWS = YES;
				GENERATE_INFOPLIST_FILE = YES;
				INFOPLIST_KEY_UIApplicationSceneManifest_Generation = YES;
				INFOPLIST_KEY_UIApplicationSupportsIndirectInputEvents = YES;
				INFOPLIST_KEY_UILaunchScreen_Generation = YES;
				INFOPLIST_KEY_UISupportedInterfaceOrientations_iPad = "UIInterfaceOrientationPortrait UIInterfaceOrientationPortraitUpsideDown UIInterfaceOrientationLandscapeLeft UIInterfaceOrientationLandscapeRight";
				INFOPLIST_KEY_UISupportedInterfaceOrientations_iPhone = "UIInterfaceOrientationPortrait UIInterfaceOrientationLandscapeLeft UIInterfaceOrientationLandscapeRight";
				LD_RUNPATH_SEARCH_PATHS = (
					"$(inherited)",
					"@executable_path/Frameworks",
				);
				MARKETING_VERSION = 1.0;
				PRODUCT_BUNDLE_IDENTIFIER = "com.Health-Tracker";
				PRODUCT_NAME = "$(TARGET_NAME)";
				SWIFT_EMIT_LOC_STRINGS = YES;
				SWIFT_VERSION = 5.0;
				TARGETED_DEVICE_FAMILY = "1,2";
			};
			name = Release;
		};
		EEE6E85A2A6D33740062A5F3 /* Debug */ = {
			isa = XCBuildConfiguration;
			buildSettings = {
				ALWAYS_EMBED_SWIFT_STANDARD_LIBRARIES = YES;
				BUNDLE_LOADER = "$(TEST_HOST)";
				CODE_SIGN_STYLE = Automatic;
				CURRENT_PROJECT_VERSION = 1;
				DEVELOPMENT_TEAM = 4U8DMJ33ZN;
				GENERATE_INFOPLIST_FILE = YES;
				IPHONEOS_DEPLOYMENT_TARGET = 16.4;
				MARKETING_VERSION = 1.0;
				PRODUCT_BUNDLE_IDENTIFIER = "com.Health-TrackerTests";
				PRODUCT_NAME = "$(TARGET_NAME)";
				SWIFT_EMIT_LOC_STRINGS = NO;
				SWIFT_VERSION = 5.0;
				TARGETED_DEVICE_FAMILY = "1,2";
				TEST_HOST = "$(BUILT_PRODUCTS_DIR)/Health Tracker.app/$(BUNDLE_EXECUTABLE_FOLDER_PATH)/Health Tracker";
			};
			name = Debug;
		};
		EEE6E85B2A6D33740062A5F3 /* Release */ = {
			isa = XCBuildConfiguration;
			buildSettings = {
				ALWAYS_EMBED_SWIFT_STANDARD_LIBRARIES = YES;
				BUNDLE_LOADER = "$(TEST_HOST)";
				CODE_SIGN_STYLE = Automatic;
				CURRENT_PROJECT_VERSION = 1;
				DEVELOPMENT_TEAM = 4U8DMJ33ZN;
				GENERATE_INFOPLIST_FILE = YES;
				IPHONEOS_DEPLOYMENT_TARGET = 16.4;
				MARKETING_VERSION = 1.0;
				PRODUCT_BUNDLE_IDENTIFIER = "com.Health-TrackerTests";
				PRODUCT_NAME = "$(TARGET_NAME)";
				SWIFT_EMIT_LOC_STRINGS = NO;
				SWIFT_VERSION = 5.0;
				TARGETED_DEVICE_FAMILY = "1,2";
				TEST_HOST = "$(BUILT_PRODUCTS_DIR)/Health Tracker.app/$(BUNDLE_EXECUTABLE_FOLDER_PATH)/Health Tracker";
			};
			name = Release;
		};
		EEE6E85D2A6D33740062A5F3 /* Debug */ = {
			isa = XCBuildConfiguration;
			buildSettings = {
				ALWAYS_EMBED_SWIFT_STANDARD_LIBRARIES = YES;
				CODE_SIGN_STYLE = Automatic;
				CURRENT_PROJECT_VERSION = 1;
				DEVELOPMENT_TEAM = 4U8DMJ33ZN;
				GENERATE_INFOPLIST_FILE = YES;
				MARKETING_VERSION = 1.0;
				PRODUCT_BUNDLE_IDENTIFIER = "com.Health-TrackerUITests";
				PRODUCT_NAME = "$(TARGET_NAME)";
				SWIFT_EMIT_LOC_STRINGS = NO;
				SWIFT_VERSION = 5.0;
				TARGETED_DEVICE_FAMILY = "1,2";
				TEST_TARGET_NAME = "Health Tracker";
			};
			name = Debug;
		};
		EEE6E85E2A6D33740062A5F3 /* Release */ = {
			isa = XCBuildConfiguration;
			buildSettings = {
				ALWAYS_EMBED_SWIFT_STANDARD_LIBRARIES = YES;
				CODE_SIGN_STYLE = Automatic;
				CURRENT_PROJECT_VERSION = 1;
				DEVELOPMENT_TEAM = 4U8DMJ33ZN;
				GENERATE_INFOPLIST_FILE = YES;
				MARKETING_VERSION = 1.0;
				PRODUCT_BUNDLE_IDENTIFIER = "com.Health-TrackerUITests";
				PRODUCT_NAME = "$(TARGET_NAME)";
				SWIFT_EMIT_LOC_STRINGS = NO;
				SWIFT_VERSION = 5.0;
				TARGETED_DEVICE_FAMILY = "1,2";
				TEST_TARGET_NAME = "Health Tracker";
			};
			name = Release;
		};
/* End XCBuildConfiguration section */

/* Begin XCConfigurationList section */
		EEE6E8282A6D33740062A5F3 /* Build configuration list for PBXProject "Health Tracker" */ = {
			isa = XCConfigurationList;
			buildConfigurations = (
				EEE6E8542A6D33740062A5F3 /* Debug */,
				EEE6E8552A6D33740062A5F3 /* Release */,
			);
			defaultConfigurationIsVisible = 0;
			defaultConfigurationName = Release;
		};
		EEE6E8562A6D33740062A5F3 /* Build configuration list for PBXNativeTarget "Health Tracker" */ = {
			isa = XCConfigurationList;
			buildConfigurations = (
				EEE6E8572A6D33740062A5F3 /* Debug */,
				EEE6E8582A6D33740062A5F3 /* Release */,
			);
			defaultConfigurationIsVisible = 0;
			defaultConfigurationName = Release;
		};
		EEE6E8592A6D33740062A5F3 /* Build configuration list for PBXNativeTarget "Health TrackerTests" */ = {
			isa = XCConfigurationList;
			buildConfigurations = (
				EEE6E85A2A6D33740062A5F3 /* Debug */,
				EEE6E85B2A6D33740062A5F3 /* Release */,
			);
			defaultConfigurationIsVisible = 0;
			defaultConfigurationName = Release;
		};
		EEE6E85C2A6D33740062A5F3 /* Build configuration list for PBXNativeTarget "Health TrackerUITests" */ = {
			isa = XCConfigurationList;
			buildConfigurations = (
				EEE6E85D2A6D33740062A5F3 /* Debug */,
				EEE6E85E2A6D33740062A5F3 /* Release */,
			);
			defaultConfigurationIsVisible = 0;
			defaultConfigurationName = Release;
		};
/* End XCConfigurationList section */

/* Begin XCVersionGroup section */
		EEE6E83B2A6D33740062A5F3 /* Health_Tracker.xcdatamodeld */ = {
			isa = XCVersionGroup;
			children = (
				EEE6E83C2A6D33740062A5F3 /* Health_Tracker.xcdatamodel */,
			);
			currentVersion = EEE6E83C2A6D33740062A5F3 /* Health_Tracker.xcdatamodel */;
			path = Health_Tracker.xcdatamodeld;
			sourceTree = "<group>";
			versionGroupType = wrapper.xcdatamodel;
		};
/* End XCVersionGroup section */
	};
	rootObject = EEE6E8252A6D33740062A5F3 /* Project object */;
}
